<?xml version="1.0" encoding="UTF-8"?>
<Scheme
   LastUpgradeVersion = "1150"
   version = "1.7">
   <BuildAction
      parallelizeBuildables = "YES"
      buildImplicitDependencies = "YES">
      <PostActions>
         <ExecutionAction
            ActionType = "Xcode.IDEStandardExecutionActionsCore.ExecutionActionType.ShellScriptAction">
            <ActionContent
               title = "Run Script"
               scriptText = "PLIST=&quot;${PROJECT_DIR}/${INFOPLIST_FILE}&quot;&#10;PLB=/usr/libexec/PlistBuddy&#10;LAST_NUMBER=$($PLB -c &quot;Print CFBundleVersion&quot; &quot;$PLIST&quot;)&#10;NEW_VERSION=$(($LAST_NUMBER + 1))&#10;$PLB -c &quot;Set :CFBundleVersion $NEW_VERSION&quot; &quot;$PLIST&quot;&#10;">
               <EnvironmentBuildable>
                  <BuildableReference
                     BuildableIdentifier = "primary"
                     BlueprintIdentifier = "5B6AA474247C396C002B3227"
                     BuildableName = "myMood.app"
                     BlueprintName = "myMood"
                     ReferencedContainer = "container:myMood.xcodeproj">
                  </BuildableReference>
               </EnvironmentBuildable>
            </ActionContent>
         </ExecutionAction>
      </PostActions>
      <BuildActionEntries>
         <BuildActionEntry
            buildForTesting = "YES"
            buildForRunning = "YES"
            buildForProfiling = "YES"
            buildForArchiving = "YES"
            buildForAnalyzing = "YES">
            <BuildableReference
               BuildableIdentifier = "primary"
               BlueprintIdentifier = "5B6AA474247C396C002B3227"
               BuildableName = "myMood.app"
               BlueprintName = "myMood"
               ReferencedContainer = "container:myMood.xcodeproj">
            </BuildableReference>
         </BuildActionEntry>
      </BuildActionEntries>
   </BuildAction>
   <TestAction
      buildConfiguration = "Debug"
      selectedDebuggerIdentifier = "Xcode.DebuggerFoundation.Debugger.LLDB"
      selectedLauncherIdentifier = "Xcode.DebuggerFoundation.Launcher.LLDB"
      shouldUseLaunchSchemeArgsEnv = "YES">
      <Testables>
         <TestableReference
            skipped = "NO">
            <BuildableReference
               BuildableIdentifier = "primary"
               BlueprintIdentifier = "5BFEECEE24A0E2A2009C3459"
               BuildableName = "myMoodUITests.xctest"
               BlueprintName = "myMoodUITests"
               ReferencedContainer = "container:myMood.xcodeproj">
            </BuildableReference>
         </TestableReference>
      </Testables>
   </TestAction>
   <LaunchAction
      buildConfiguration = "Debug"
      selectedDebuggerIdentifier = "Xcode.DebuggerFoundation.Debugger.LLDB"
      selectedLauncherIdentifier = "Xcode.DebuggerFoundation.Launcher.LLDB"
      launchStyle = "0"
      useCustomWorkingDirectory = "NO"
      ignoresPersistentStateOnLaunch = "NO"
      debugDocumentVersioning = "YES"
      debugServiceExtension = "internal"
      allowLocationSimulation = "YES">
      <BuildableProductRunnable
         runnableDebuggingMode = "0">
         <BuildableReference
            BuildableIdentifier = "primary"
            BlueprintIdentifier = "5B6AA474247C396C002B3227"
            BuildableName = "myMood.app"
            BlueprintName = "myMood"
            ReferencedContainer = "container:myMood.xcodeproj">
         </BuildableReference>
      </BuildableProductRunnable>
      <CommandLineArguments>
         <CommandLineArgument
            argument = "-com.apple.CoreData.Logging.stderr 0&#10;"
            isEnabled = "YES">
         </CommandLineArgument>
         <CommandLineArgument
            argument = "-com.apple.CoreData.CloudKitDebug 0&#10;"
            isEnabled = "YES">
         </CommandLineArgument>
      </CommandLineArguments>
   </LaunchAction>
   <ProfileAction
      buildConfiguration = "Release"
      shouldUseLaunchSchemeArgsEnv = "YES"
      savedToolIdentifier = ""
      useCustomWorkingDirectory = "NO"
      debugDocumentVersioning = "YES">
      <BuildableProductRunnable
         runnableDebuggingMode = "0">
         <BuildableReference
            BuildableIdentifier = "primary"
            BlueprintIdentifier = "5B6AA474247C396C002B3227"
            BuildableName = "myMood.app"
            BlueprintName = "myMood"
            ReferencedContainer = "container:myMood.xcodeproj">
         </BuildableReference>
      </BuildableProductRunnable>
   </ProfileAction>
   <AnalyzeAction
      buildConfiguration = "Debug">
   </AnalyzeAction>
   <ArchiveAction
      buildConfiguration = "Release"
      revealArchiveInOrganizer = "YES">
      <PreActions>
         <ExecutionAction
            ActionType = "Xcode.IDEStandardExecutionActionsCore.ExecutionActionType.ShellScriptAction">
            <ActionContent
               title = "Run Script"
               scriptText = "PLIST=&quot;${PROJECT_DIR}/${INFOPLIST_FILE}&quot;&#10;PLB=/usr/libexec/PlistBuddy&#10;LAST_NUMBER=$($PLB -c &quot;Print CFBundleVersion&quot; &quot;$PLIST&quot;)&#10;NEW_VERSION=$(($LAST_NUMBER - 1))&#10;$PLB -c &quot;Set :CFBundleVersion $NEW_VERSION&quot; &quot;$PLIST&quot;&#10;">
               <EnvironmentBuildable>
                  <BuildableReference
                     BuildableIdentifier = "primary"
                     BlueprintIdentifier = "5B6AA474247C396C002B3227"
                     BuildableName = "myMood.app"
                     BlueprintName = "myMood"
                     ReferencedContainer = "container:myMood.xcodeproj">
                  </BuildableReference>
               </EnvironmentBuildable>
            </ActionContent>
         </ExecutionAction>
      </PreActions>
   </ArchiveAction>
</Scheme>
