// !$*UTF8*$!
{
	archiveVersion = 1;
	classes = {
	};
	objectVersion = 52;
	objects = {

/* Begin PBXBuildFile section */
		5B021E2E247EE14200DF3AC1 /* SettingsViewController.swift in Sources */ = {isa = PBXBuildFile; fileRef = 5B021E2D247EE14200DF3AC1 /* SettingsViewController.swift */; };
		5B021E30247EEA3600DF3AC1 /* Utilities.swift in Sources */ = {isa = PBXBuildFile; fileRef = 5B021E2F247EEA3600DF3AC1 /* Utilities.swift */; };
		5B021E32247EECEA00DF3AC1 /* SettingsViewController+SupportMail.swift in Sources */ = {isa = PBXBuildFile; fileRef = 5B021E31247EECEA00DF3AC1 /* SettingsViewController+SupportMail.swift */; };
		5B021E34247EED4900DF3AC1 /* SettingsViewController+TableView.swift in Sources */ = {isa = PBXBuildFile; fileRef = 5B021E33247EED4900DF3AC1 /* SettingsViewController+TableView.swift */; };
		5B021E36247EEE3F00DF3AC1 /* UIViewController+SafariActions.swift in Sources */ = {isa = PBXBuildFile; fileRef = 5B021E35247EEE3F00DF3AC1 /* UIViewController+SafariActions.swift */; };
		5B021E3B247EF42700DF3AC1 /* TipJarTableViewController.swift in Sources */ = {isa = PBXBuildFile; fileRef = 5B021E38247EF42700DF3AC1 /* TipJarTableViewController.swift */; };
		5B021E3C247EF42700DF3AC1 /* TipJar+Transaction.swift in Sources */ = {isa = PBXBuildFile; fileRef = 5B021E39247EF42700DF3AC1 /* TipJar+Transaction.swift */; };
		5B021E3D247EF42700DF3AC1 /* TipJar+TableView.swift in Sources */ = {isa = PBXBuildFile; fileRef = 5B021E3A247EF42700DF3AC1 /* TipJar+TableView.swift */; };
		5B021E46247EF48A00DF3AC1 /* Bundle+Icon.swift in Sources */ = {isa = PBXBuildFile; fileRef = 5B021E3E247EF48A00DF3AC1 /* Bundle+Icon.swift */; };
		5B021E4A247EF48A00DF3AC1 /* SKProduct+LocalizedPrice.swift in Sources */ = {isa = PBXBuildFile; fileRef = 5B021E42247EF48A00DF3AC1 /* SKProduct+LocalizedPrice.swift */; };
		5B021E4B247EF48A00DF3AC1 /* UIView+Effects.swift in Sources */ = {isa = PBXBuildFile; fileRef = 5B021E43247EF48A00DF3AC1 /* UIView+Effects.swift */; };
		5B021E50247EF4F100DF3AC1 /* BorderedButton.swift in Sources */ = {isa = PBXBuildFile; fileRef = 5B021E4F247EF4F100DF3AC1 /* BorderedButton.swift */; };
		5B021E52247EF4F600DF3AC1 /* TopAlignedLabel.swift in Sources */ = {isa = PBXBuildFile; fileRef = 5B021E51247EF4F600DF3AC1 /* TopAlignedLabel.swift */; };
		5B021E54247EF5B700DF3AC1 /* TipTableViewCell.swift in Sources */ = {isa = PBXBuildFile; fileRef = 5B021E53247EF5B700DF3AC1 /* TipTableViewCell.swift */; };
		5B021E61247EF90F00DF3AC1 /* AppIcon.swift in Sources */ = {isa = PBXBuildFile; fileRef = 5B021E60247EF90F00DF3AC1 /* AppIcon.swift */; };
		5B04F3DF247C6299000F374C /* MoodTableViewCell.swift in Sources */ = {isa = PBXBuildFile; fileRef = 5B04F3DE247C6299000F374C /* MoodTableViewCell.swift */; };
		5B04F3E1247C6FD8000F374C /* Mood+Date.swift in Sources */ = {isa = PBXBuildFile; fileRef = 5B04F3E0247C6FD8000F374C /* Mood+Date.swift */; };
		5B10CFA2247D403C00014B34 /* MoodViewController.swift in Sources */ = {isa = PBXBuildFile; fileRef = 5B10CFA1247D403C00014B34 /* MoodViewController.swift */; };
		5B2EEE1E248015230040B9A0 /* StatsViewController.swift in Sources */ = {isa = PBXBuildFile; fileRef = 5B2EEE1D248015230040B9A0 /* StatsViewController.swift */; };
		5B2EEE202480291C0040B9A0 /* Stats.swift in Sources */ = {isa = PBXBuildFile; fileRef = 5B2EEE1F2480291C0040B9A0 /* Stats.swift */; };
		5B2EEE2224802D890040B9A0 /* Date+StartEnd.swift in Sources */ = {isa = PBXBuildFile; fileRef = 5B2EEE2124802D890040B9A0 /* Date+StartEnd.swift */; };
		5B4079DF247EB6EE00FCC950 /* UIViewController+Alert.swift in Sources */ = {isa = PBXBuildFile; fileRef = 5B4079DE247EB6EE00FCC950 /* UIViewController+Alert.swift */; };
		5B4EA00F247FC3FF00ABA758 /* NotificationViewController.swift in Sources */ = {isa = PBXBuildFile; fileRef = 5B4EA00E247FC3FF00ABA758 /* NotificationViewController.swift */; };
		5B4EA011247FC6E200ABA758 /* EditNotificationViewController.swift in Sources */ = {isa = PBXBuildFile; fileRef = 5B4EA010247FC6E200ABA758 /* EditNotificationViewController.swift */; };
		5B4FCBE8247C58FB0031F485 /* UILabel+DropShadow.swift in Sources */ = {isa = PBXBuildFile; fileRef = 5B4FCBE7247C58FB0031F485 /* UILabel+DropShadow.swift */; };
		5B4FCBEC247C5DB70031F485 /* CloudKit.framework in Frameworks */ = {isa = PBXBuildFile; fileRef = 5B4FCBEB247C5DB70031F485 /* CloudKit.framework */; };
		5B4FCBF3247C5E850031F485 /* EntryViewController.swift in Sources */ = {isa = PBXBuildFile; fileRef = 5B4FCBF2247C5E850031F485 /* EntryViewController.swift */; };
		5B6AA479247C396C002B3227 /* AppDelegate.swift in Sources */ = {isa = PBXBuildFile; fileRef = 5B6AA478247C396C002B3227 /* AppDelegate.swift */; };
		5B6AA47B247C396C002B3227 /* SceneDelegate.swift in Sources */ = {isa = PBXBuildFile; fileRef = 5B6AA47A247C396C002B3227 /* SceneDelegate.swift */; };
		5B6AA480247C396C002B3227 /* Master.storyboard in Resources */ = {isa = PBXBuildFile; fileRef = 5B6AA47E247C396C002B3227 /* Master.storyboard */; };
		5B6AA483247C396C002B3227 /* myMood.xcdatamodeld in Sources */ = {isa = PBXBuildFile; fileRef = 5B6AA481247C396C002B3227 /* myMood.xcdatamodeld */; };
		5B6AA485247C396D002B3227 /* Assets.xcassets in Resources */ = {isa = PBXBuildFile; fileRef = 5B6AA484247C396D002B3227 /* Assets.xcassets */; };
		5B6AA488247C396D002B3227 /* LaunchScreen.storyboard in Resources */ = {isa = PBXBuildFile; fileRef = 5B6AA486247C396D002B3227 /* LaunchScreen.storyboard */; };
		5B6AA490247C4649002B3227 /* MainViewController.swift in Sources */ = {isa = PBXBuildFile; fileRef = 5B6AA48F247C4649002B3227 /* MainViewController.swift */; };
		5B6AA492247C46C3002B3227 /* AddEntryViewController.swift in Sources */ = {isa = PBXBuildFile; fileRef = 5B6AA491247C46C3002B3227 /* AddEntryViewController.swift */; };
		5B6AA494247C5319002B3227 /* Model.swift in Sources */ = {isa = PBXBuildFile; fileRef = 5B6AA493247C5319002B3227 /* Model.swift */; };
		5B718CFB247EDAE800DFE7E9 /* MoodList.storyboard in Resources */ = {isa = PBXBuildFile; fileRef = 5B718CFA247EDAE800DFE7E9 /* MoodList.storyboard */; };
		5B718CFD247EDC1600DFE7E9 /* Stats.storyboard in Resources */ = {isa = PBXBuildFile; fileRef = 5B718CFC247EDC1600DFE7E9 /* Stats.storyboard */; };
		5B790800247E84CE00C30736 /* AddEntryViewController+TableView.swift in Sources */ = {isa = PBXBuildFile; fileRef = 5B7907FF247E84CE00C30736 /* AddEntryViewController+TableView.swift */; };
		5B790802247E869E00C30736 /* EntryViewController+TableView.swift in Sources */ = {isa = PBXBuildFile; fileRef = 5B790801247E869E00C30736 /* EntryViewController+TableView.swift */; };
		5B8C71E62494F72D003A22B3 /* Model.swift in Sources */ = {isa = PBXBuildFile; fileRef = 5B6AA493247C5319002B3227 /* Model.swift */; };
		5B8C71EA2494F7B0003A22B3 /* Model+AppOnly.swift in Sources */ = {isa = PBXBuildFile; fileRef = 5B8C71E92494F7B0003A22B3 /* Model+AppOnly.swift */; };
		5B94728E24810D4600E95B67 /* StoreKit.framework in Frameworks */ = {isa = PBXBuildFile; fileRef = 5B94728D24810D4600E95B67 /* StoreKit.framework */; };
		5B953691247E83CB00AFF76B /* MainViewController+TableView.swift in Sources */ = {isa = PBXBuildFile; fileRef = 5B953690247E83CB00AFF76B /* MainViewController+TableView.swift */; };
		5B9C727B24A097040077ACC6 /* UserDefaults+Groups.swift in Sources */ = {isa = PBXBuildFile; fileRef = 5B9C727A24A097040077ACC6 /* UserDefaults+Groups.swift */; };
		5B9C727C24A097460077ACC6 /* UserDefaults+Groups.swift in Sources */ = {isa = PBXBuildFile; fileRef = 5B9C727A24A097040077ACC6 /* UserDefaults+Groups.swift */; };
		5BC8D7042494F59E00CC5602 /* NotificationCenter.framework in Frameworks */ = {isa = PBXBuildFile; fileRef = 5BC8D7032494F59E00CC5602 /* NotificationCenter.framework */; platformFilter = ios; };
		5BC8D7072494F59E00CC5602 /* TodayViewController.swift in Sources */ = {isa = PBXBuildFile; fileRef = 5BC8D7062494F59E00CC5602 /* TodayViewController.swift */; };
		5BC8D70A2494F59E00CC5602 /* MainInterface.storyboard in Resources */ = {isa = PBXBuildFile; fileRef = 5BC8D7082494F59E00CC5602 /* MainInterface.storyboard */; };
		5BC8D70E2494F59E00CC5602 /* myMood Widget.appex in Embed App Extensions */ = {isa = PBXBuildFile; fileRef = 5BC8D7022494F59E00CC5602 /* myMood Widget.appex */; platformFilter = ios; settings = {ATTRIBUTES = (RemoveHeadersOnCopy, ); }; };
		5BDABB72247D6BE800B2F2FF /* UIViewController+Modal.swift in Sources */ = {isa = PBXBuildFile; fileRef = 5BDABB71247D6BE800B2F2FF /* UIViewController+Modal.swift */; };
		5BE722BD247ED87100508FF1 /* Settings.storyboard in Resources */ = {isa = PBXBuildFile; fileRef = 5BE722BC247ED87100508FF1 /* Settings.storyboard */; };
		5BE722BF247EDA0A00508FF1 /* MainView.storyboard in Resources */ = {isa = PBXBuildFile; fileRef = 5BE722BE247EDA0A00508FF1 /* MainView.storyboard */; };
		5BEE0D91247F02AC001C2003 /* AppIconTableViewController.swift in Sources */ = {isa = PBXBuildFile; fileRef = 5BEE0D8F247F02AC001C2003 /* AppIconTableViewController.swift */; };
		5BEE0D92247F02AC001C2003 /* AppIcon+TableView.swift in Sources */ = {isa = PBXBuildFile; fileRef = 5BEE0D90247F02AC001C2003 /* AppIcon+TableView.swift */; };
		5BEE0D94247F0350001C2003 /* AppIconTableViewCell.swift in Sources */ = {isa = PBXBuildFile; fileRef = 5BEE0D93247F034F001C2003 /* AppIconTableViewCell.swift */; };
		5BEE453B247E6367002BE6E2 /* MoodSelectionTableViewCell.swift in Sources */ = {isa = PBXBuildFile; fileRef = 5BEE453A247E6367002BE6E2 /* MoodSelectionTableViewCell.swift */; };
		5BEE453D247E6A50002BE6E2 /* ModalDelegate.swift in Sources */ = {isa = PBXBuildFile; fileRef = 5BEE453C247E6A50002BE6E2 /* ModalDelegate.swift */; };
		5BFEECF224A0E2A2009C3459 /* myMoodUITests.swift in Sources */ = {isa = PBXBuildFile; fileRef = 5BFEECF124A0E2A2009C3459 /* myMoodUITests.swift */; };
		5BFEECFA24A0E2B5009C3459 /* myMoodSceenshots.swift in Sources */ = {isa = PBXBuildFile; fileRef = 5BFEECF924A0E2B5009C3459 /* myMoodSceenshots.swift */; };
/* End PBXBuildFile section */

/* Begin PBXContainerItemProxy section */
		5BC8D70C2494F59E00CC5602 /* PBXContainerItemProxy */ = {
			isa = PBXContainerItemProxy;
			containerPortal = 5B6AA46D247C396C002B3227 /* Project object */;
			proxyType = 1;
			remoteGlobalIDString = 5BC8D7012494F59E00CC5602;
			remoteInfo = Widget;
		};
/* End PBXContainerItemProxy section */

/* Begin PBXCopyFilesBuildPhase section */
		5BC8D70F2494F59E00CC5602 /* Embed App Extensions */ = {
			isa = PBXCopyFilesBuildPhase;
			buildActionMask = 2147483647;
			dstPath = "";
			dstSubfolderSpec = 13;
			files = (
				5BC8D70E2494F59E00CC5602 /* myMood Widget.appex in Embed App Extensions */,
			);
			name = "Embed App Extensions";
			runOnlyForDeploymentPostprocessing = 0;
		};
/* End PBXCopyFilesBuildPhase section */

/* Begin PBXFileReference section */
		5B021E2D247EE14200DF3AC1 /* SettingsViewController.swift */ = {isa = PBXFileReference; lastKnownFileType = sourcecode.swift; path = SettingsViewController.swift; sourceTree = "<group>"; };
		5B021E2F247EEA3600DF3AC1 /* Utilities.swift */ = {isa = PBXFileReference; lastKnownFileType = sourcecode.swift; path = Utilities.swift; sourceTree = "<group>"; };
		5B021E31247EECEA00DF3AC1 /* SettingsViewController+SupportMail.swift */ = {isa = PBXFileReference; lastKnownFileType = sourcecode.swift; path = "SettingsViewController+SupportMail.swift"; sourceTree = "<group>"; };
		5B021E33247EED4900DF3AC1 /* SettingsViewController+TableView.swift */ = {isa = PBXFileReference; lastKnownFileType = sourcecode.swift; path = "SettingsViewController+TableView.swift"; sourceTree = "<group>"; };
		5B021E35247EEE3F00DF3AC1 /* UIViewController+SafariActions.swift */ = {isa = PBXFileReference; lastKnownFileType = sourcecode.swift; path = "UIViewController+SafariActions.swift"; sourceTree = "<group>"; };
		5B021E38247EF42700DF3AC1 /* TipJarTableViewController.swift */ = {isa = PBXFileReference; fileEncoding = 4; lastKnownFileType = sourcecode.swift; path = TipJarTableViewController.swift; sourceTree = "<group>"; };
		5B021E39247EF42700DF3AC1 /* TipJar+Transaction.swift */ = {isa = PBXFileReference; fileEncoding = 4; lastKnownFileType = sourcecode.swift; path = "TipJar+Transaction.swift"; sourceTree = "<group>"; };
		5B021E3A247EF42700DF3AC1 /* TipJar+TableView.swift */ = {isa = PBXFileReference; fileEncoding = 4; lastKnownFileType = sourcecode.swift; path = "TipJar+TableView.swift"; sourceTree = "<group>"; };
		5B021E3E247EF48A00DF3AC1 /* Bundle+Icon.swift */ = {isa = PBXFileReference; fileEncoding = 4; lastKnownFileType = sourcecode.swift; path = "Bundle+Icon.swift"; sourceTree = "<group>"; };
		5B021E42247EF48A00DF3AC1 /* SKProduct+LocalizedPrice.swift */ = {isa = PBXFileReference; fileEncoding = 4; lastKnownFileType = sourcecode.swift; path = "SKProduct+LocalizedPrice.swift"; sourceTree = "<group>"; };
		5B021E43247EF48A00DF3AC1 /* UIView+Effects.swift */ = {isa = PBXFileReference; fileEncoding = 4; lastKnownFileType = sourcecode.swift; path = "UIView+Effects.swift"; sourceTree = "<group>"; };
		5B021E4F247EF4F100DF3AC1 /* BorderedButton.swift */ = {isa = PBXFileReference; fileEncoding = 4; lastKnownFileType = sourcecode.swift; path = BorderedButton.swift; sourceTree = "<group>"; };
		5B021E51247EF4F600DF3AC1 /* TopAlignedLabel.swift */ = {isa = PBXFileReference; fileEncoding = 4; lastKnownFileType = sourcecode.swift; path = TopAlignedLabel.swift; sourceTree = "<group>"; };
		5B021E53247EF5B700DF3AC1 /* TipTableViewCell.swift */ = {isa = PBXFileReference; fileEncoding = 4; lastKnownFileType = sourcecode.swift; path = TipTableViewCell.swift; sourceTree = "<group>"; };
		5B021E60247EF90F00DF3AC1 /* AppIcon.swift */ = {isa = PBXFileReference; fileEncoding = 4; lastKnownFileType = sourcecode.swift; path = AppIcon.swift; sourceTree = "<group>"; };
		5B04F3DE247C6299000F374C /* MoodTableViewCell.swift */ = {isa = PBXFileReference; lastKnownFileType = sourcecode.swift; path = MoodTableViewCell.swift; sourceTree = "<group>"; };
		5B04F3E0247C6FD8000F374C /* Mood+Date.swift */ = {isa = PBXFileReference; lastKnownFileType = sourcecode.swift; path = "Mood+Date.swift"; sourceTree = "<group>"; };
		5B10CFA1247D403C00014B34 /* MoodViewController.swift */ = {isa = PBXFileReference; lastKnownFileType = sourcecode.swift; path = MoodViewController.swift; sourceTree = "<group>"; };
		5B2EEE1D248015230040B9A0 /* StatsViewController.swift */ = {isa = PBXFileReference; lastKnownFileType = sourcecode.swift; path = StatsViewController.swift; sourceTree = "<group>"; };
		5B2EEE1F2480291C0040B9A0 /* Stats.swift */ = {isa = PBXFileReference; lastKnownFileType = sourcecode.swift; path = Stats.swift; sourceTree = "<group>"; };
		5B2EEE2124802D890040B9A0 /* Date+StartEnd.swift */ = {isa = PBXFileReference; lastKnownFileType = sourcecode.swift; path = "Date+StartEnd.swift"; sourceTree = "<group>"; };
		5B4079DE247EB6EE00FCC950 /* UIViewController+Alert.swift */ = {isa = PBXFileReference; lastKnownFileType = sourcecode.swift; path = "UIViewController+Alert.swift"; sourceTree = "<group>"; };
		5B4EA00E247FC3FF00ABA758 /* NotificationViewController.swift */ = {isa = PBXFileReference; lastKnownFileType = sourcecode.swift; path = NotificationViewController.swift; sourceTree = "<group>"; };
		5B4EA010247FC6E200ABA758 /* EditNotificationViewController.swift */ = {isa = PBXFileReference; lastKnownFileType = sourcecode.swift; path = EditNotificationViewController.swift; sourceTree = "<group>"; };
		5B4FCBE7247C58FB0031F485 /* UILabel+DropShadow.swift */ = {isa = PBXFileReference; lastKnownFileType = sourcecode.swift; path = "UILabel+DropShadow.swift"; sourceTree = "<group>"; };
		5B4FCBE9247C5DB40031F485 /* myMood.entitlements */ = {isa = PBXFileReference; lastKnownFileType = text.plist.entitlements; path = myMood.entitlements; sourceTree = "<group>"; };
		5B4FCBEB247C5DB70031F485 /* CloudKit.framework */ = {isa = PBXFileReference; lastKnownFileType = wrapper.framework; name = CloudKit.framework; path = System/Library/Frameworks/CloudKit.framework; sourceTree = SDKROOT; };
		5B4FCBF2247C5E850031F485 /* EntryViewController.swift */ = {isa = PBXFileReference; lastKnownFileType = sourcecode.swift; path = EntryViewController.swift; sourceTree = "<group>"; };
		5B6AA475247C396C002B3227 /* myMood.app */ = {isa = PBXFileReference; explicitFileType = wrapper.application; includeInIndex = 0; path = myMood.app; sourceTree = BUILT_PRODUCTS_DIR; };
		5B6AA478247C396C002B3227 /* AppDelegate.swift */ = {isa = PBXFileReference; lastKnownFileType = sourcecode.swift; path = AppDelegate.swift; sourceTree = "<group>"; };
		5B6AA47A247C396C002B3227 /* SceneDelegate.swift */ = {isa = PBXFileReference; lastKnownFileType = sourcecode.swift; path = SceneDelegate.swift; sourceTree = "<group>"; };
		5B6AA47F247C396C002B3227 /* Base */ = {isa = PBXFileReference; lastKnownFileType = file.storyboard; name = Base; path = Base.lproj/Master.storyboard; sourceTree = "<group>"; };
		5B6AA482247C396C002B3227 /* myMood.xcdatamodel */ = {isa = PBXFileReference; lastKnownFileType = wrapper.xcdatamodel; path = myMood.xcdatamodel; sourceTree = "<group>"; };
		5B6AA484247C396D002B3227 /* Assets.xcassets */ = {isa = PBXFileReference; lastKnownFileType = folder.assetcatalog; path = Assets.xcassets; sourceTree = "<group>"; };
		5B6AA487247C396D002B3227 /* Base */ = {isa = PBXFileReference; lastKnownFileType = file.storyboard; name = Base; path = Base.lproj/LaunchScreen.storyboard; sourceTree = "<group>"; };
		5B6AA489247C396D002B3227 /* Info.plist */ = {isa = PBXFileReference; lastKnownFileType = text.plist.xml; path = Info.plist; sourceTree = "<group>"; };
		5B6AA48F247C4649002B3227 /* MainViewController.swift */ = {isa = PBXFileReference; lastKnownFileType = sourcecode.swift; path = MainViewController.swift; sourceTree = "<group>"; };
		5B6AA491247C46C3002B3227 /* AddEntryViewController.swift */ = {isa = PBXFileReference; lastKnownFileType = sourcecode.swift; path = AddEntryViewController.swift; sourceTree = "<group>"; };
		5B6AA493247C5319002B3227 /* Model.swift */ = {isa = PBXFileReference; lastKnownFileType = sourcecode.swift; path = Model.swift; sourceTree = "<group>"; };
		5B718CFA247EDAE800DFE7E9 /* MoodList.storyboard */ = {isa = PBXFileReference; lastKnownFileType = file.storyboard; path = MoodList.storyboard; sourceTree = "<group>"; };
		5B718CFC247EDC1600DFE7E9 /* Stats.storyboard */ = {isa = PBXFileReference; lastKnownFileType = file.storyboard; path = Stats.storyboard; sourceTree = "<group>"; };
		5B7907FF247E84CE00C30736 /* AddEntryViewController+TableView.swift */ = {isa = PBXFileReference; lastKnownFileType = sourcecode.swift; path = "AddEntryViewController+TableView.swift"; sourceTree = "<group>"; };
		5B790801247E869E00C30736 /* EntryViewController+TableView.swift */ = {isa = PBXFileReference; lastKnownFileType = sourcecode.swift; path = "EntryViewController+TableView.swift"; sourceTree = "<group>"; };
		5B8C71E92494F7B0003A22B3 /* Model+AppOnly.swift */ = {isa = PBXFileReference; lastKnownFileType = sourcecode.swift; path = "Model+AppOnly.swift"; sourceTree = "<group>"; };
		5B94728D24810D4600E95B67 /* StoreKit.framework */ = {isa = PBXFileReference; lastKnownFileType = wrapper.framework; name = StoreKit.framework; path = System/Library/Frameworks/StoreKit.framework; sourceTree = SDKROOT; };
		5B953690247E83CB00AFF76B /* MainViewController+TableView.swift */ = {isa = PBXFileReference; lastKnownFileType = sourcecode.swift; path = "MainViewController+TableView.swift"; sourceTree = "<group>"; };
		5B9C727924A093FB0077ACC6 /* myMood Widget.entitlements */ = {isa = PBXFileReference; lastKnownFileType = text.plist.entitlements; path = "myMood Widget.entitlements"; sourceTree = "<group>"; };
		5B9C727A24A097040077ACC6 /* UserDefaults+Groups.swift */ = {isa = PBXFileReference; lastKnownFileType = sourcecode.swift; path = "UserDefaults+Groups.swift"; sourceTree = "<group>"; };
		5BC8D7022494F59E00CC5602 /* myMood Widget.appex */ = {isa = PBXFileReference; explicitFileType = "wrapper.app-extension"; includeInIndex = 0; path = "myMood Widget.appex"; sourceTree = BUILT_PRODUCTS_DIR; };
		5BC8D7032494F59E00CC5602 /* NotificationCenter.framework */ = {isa = PBXFileReference; lastKnownFileType = wrapper.framework; name = NotificationCenter.framework; path = System/Library/Frameworks/NotificationCenter.framework; sourceTree = SDKROOT; };
		5BC8D7062494F59E00CC5602 /* TodayViewController.swift */ = {isa = PBXFileReference; lastKnownFileType = sourcecode.swift; path = TodayViewController.swift; sourceTree = "<group>"; };
		5BC8D7092494F59E00CC5602 /* Base */ = {isa = PBXFileReference; lastKnownFileType = file.storyboard; name = Base; path = Base.lproj/MainInterface.storyboard; sourceTree = "<group>"; };
		5BC8D70B2494F59E00CC5602 /* Info.plist */ = {isa = PBXFileReference; lastKnownFileType = text.plist.xml; path = Info.plist; sourceTree = "<group>"; };
		5BDABB71247D6BE800B2F2FF /* UIViewController+Modal.swift */ = {isa = PBXFileReference; lastKnownFileType = sourcecode.swift; path = "UIViewController+Modal.swift"; sourceTree = "<group>"; };
		5BE722BC247ED87100508FF1 /* Settings.storyboard */ = {isa = PBXFileReference; lastKnownFileType = file.storyboard; path = Settings.storyboard; sourceTree = "<group>"; };
		5BE722BE247EDA0A00508FF1 /* MainView.storyboard */ = {isa = PBXFileReference; lastKnownFileType = file.storyboard; path = MainView.storyboard; sourceTree = "<group>"; };
		5BEE0D8F247F02AC001C2003 /* AppIconTableViewController.swift */ = {isa = PBXFileReference; fileEncoding = 4; lastKnownFileType = sourcecode.swift; path = AppIconTableViewController.swift; sourceTree = "<group>"; };
		5BEE0D90247F02AC001C2003 /* AppIcon+TableView.swift */ = {isa = PBXFileReference; fileEncoding = 4; lastKnownFileType = sourcecode.swift; path = "AppIcon+TableView.swift"; sourceTree = "<group>"; };
		5BEE0D93247F034F001C2003 /* AppIconTableViewCell.swift */ = {isa = PBXFileReference; fileEncoding = 4; lastKnownFileType = sourcecode.swift; path = AppIconTableViewCell.swift; sourceTree = "<group>"; };
		5BEE453A247E6367002BE6E2 /* MoodSelectionTableViewCell.swift */ = {isa = PBXFileReference; lastKnownFileType = sourcecode.swift; path = MoodSelectionTableViewCell.swift; sourceTree = "<group>"; };
		5BEE453C247E6A50002BE6E2 /* ModalDelegate.swift */ = {isa = PBXFileReference; lastKnownFileType = sourcecode.swift; path = ModalDelegate.swift; sourceTree = "<group>"; };
		5BFEECEF24A0E2A2009C3459 /* myMoodUITests.xctest */ = {isa = PBXFileReference; explicitFileType = wrapper.cfbundle; includeInIndex = 0; path = myMoodUITests.xctest; sourceTree = BUILT_PRODUCTS_DIR; };
		5BFEECF124A0E2A2009C3459 /* myMoodUITests.swift */ = {isa = PBXFileReference; lastKnownFileType = sourcecode.swift; path = myMoodUITests.swift; sourceTree = "<group>"; };
		5BFEECF324A0E2A2009C3459 /* Info.plist */ = {isa = PBXFileReference; lastKnownFileType = text.plist.xml; path = Info.plist; sourceTree = "<group>"; };
		5BFEECF924A0E2B5009C3459 /* myMoodSceenshots.swift */ = {isa = PBXFileReference; lastKnownFileType = sourcecode.swift; path = myMoodSceenshots.swift; sourceTree = "<group>"; };
/* End PBXFileReference section */

/* Begin PBXFrameworksBuildPhase section */
		5B6AA472247C396C002B3227 /* Frameworks */ = {
			isa = PBXFrameworksBuildPhase;
			buildActionMask = 2147483647;
			files = (
				5B4FCBEC247C5DB70031F485 /* CloudKit.framework in Frameworks */,
				5B94728E24810D4600E95B67 /* StoreKit.framework in Frameworks */,
			);
			runOnlyForDeploymentPostprocessing = 0;
		};
		5BC8D6FF2494F59E00CC5602 /* Frameworks */ = {
			isa = PBXFrameworksBuildPhase;
			buildActionMask = 2147483647;
			files = (
				5BC8D7042494F59E00CC5602 /* NotificationCenter.framework in Frameworks */,
			);
			runOnlyForDeploymentPostprocessing = 0;
		};
/* End PBXFrameworksBuildPhase section */

/* Begin PBXGroup section */
		5B021E29247EE0FE00DF3AC1 /* MainView */ = {
			isa = PBXGroup;
			children = (
				5B10CFA0247D402500014B34 /* Main */,
				5B953692247E846D00AFF76B /* Add View */,
			);
			path = MainView;
			sourceTree = "<group>";
		};
		5B021E2A247EE10D00DF3AC1 /* MoodList */ = {
			isa = PBXGroup;
			children = (
				5B10CF9F247D401800014B34 /* Entrys */,
				5B790803247E87A300C30736 /* Mood Display View */,
			);
			path = MoodList;
			sourceTree = "<group>";
		};
		5B021E2B247EE11F00DF3AC1 /* Settings */ = {
			isa = PBXGroup;
			children = (
				5B021E2C247EE12D00DF3AC1 /* SettingsMain */,
				5B4EA00D247FC3E600ABA758 /* Notifications */,
				5B021E37247EF42700DF3AC1 /* TipJar */,
				5BEE0D8E247F02AC001C2003 /* AppIconList */,
			);
			path = Settings;
			sourceTree = "<group>";
		};
		5B021E2C247EE12D00DF3AC1 /* SettingsMain */ = {
			isa = PBXGroup;
			children = (
				5B021E2D247EE14200DF3AC1 /* SettingsViewController.swift */,
				5B021E33247EED4900DF3AC1 /* SettingsViewController+TableView.swift */,
				5B021E31247EECEA00DF3AC1 /* SettingsViewController+SupportMail.swift */,
			);
			path = SettingsMain;
			sourceTree = "<group>";
		};
		5B021E37247EF42700DF3AC1 /* TipJar */ = {
			isa = PBXGroup;
			children = (
				5B021E38247EF42700DF3AC1 /* TipJarTableViewController.swift */,
				5B021E39247EF42700DF3AC1 /* TipJar+Transaction.swift */,
				5B021E3A247EF42700DF3AC1 /* TipJar+TableView.swift */,
			);
			path = TipJar;
			sourceTree = "<group>";
		};
		5B021E4E247EF4DD00DF3AC1 /* Custom Views */ = {
			isa = PBXGroup;
			children = (
				5B021E51247EF4F600DF3AC1 /* TopAlignedLabel.swift */,
				5B021E4F247EF4F100DF3AC1 /* BorderedButton.swift */,
			);
			path = "Custom Views";
			sourceTree = "<group>";
		};
		5B021E55247EF8F500DF3AC1 /* Alternative App Icons */ = {
			isa = PBXGroup;
			children = (
			);
			path = "Alternative App Icons";
			sourceTree = "<group>";
		};
		5B10CF9F247D401800014B34 /* Entrys */ = {
			isa = PBXGroup;
			children = (
				5B4FCBF2247C5E850031F485 /* EntryViewController.swift */,
				5B790801247E869E00C30736 /* EntryViewController+TableView.swift */,
			);
			path = Entrys;
			sourceTree = "<group>";
		};
		5B10CFA0247D402500014B34 /* Main */ = {
			isa = PBXGroup;
			children = (
				5B6AA48F247C4649002B3227 /* MainViewController.swift */,
				5B953690247E83CB00AFF76B /* MainViewController+TableView.swift */,
			);
			path = Main;
			sourceTree = "<group>";
		};
		5B2EEE1C248015050040B9A0 /* Statistiken */ = {
			isa = PBXGroup;
			children = (
				5B2EEE1D248015230040B9A0 /* StatsViewController.swift */,
			);
			path = Statistiken;
			sourceTree = "<group>";
		};
		5B4EA00D247FC3E600ABA758 /* Notifications */ = {
			isa = PBXGroup;
			children = (
				5B4EA00E247FC3FF00ABA758 /* NotificationViewController.swift */,
				5B4EA010247FC6E200ABA758 /* EditNotificationViewController.swift */,
			);
			path = Notifications;
			sourceTree = "<group>";
		};
		5B4FCBEA247C5DB70031F485 /* Frameworks */ = {
			isa = PBXGroup;
			children = (
				5B94728D24810D4600E95B67 /* StoreKit.framework */,
				5B4FCBEB247C5DB70031F485 /* CloudKit.framework */,
				5BC8D7032494F59E00CC5602 /* NotificationCenter.framework */,
			);
			name = Frameworks;
			sourceTree = "<group>";
		};
		5B4FCBED247C5E260031F485 /* Data */ = {
			isa = PBXGroup;
			children = (
				5B021E60247EF90F00DF3AC1 /* AppIcon.swift */,
				5B6AA493247C5319002B3227 /* Model.swift */,
				5B8C71E92494F7B0003A22B3 /* Model+AppOnly.swift */,
				5B2EEE1F2480291C0040B9A0 /* Stats.swift */,
			);
			path = Data;
			sourceTree = "<group>";
		};
		5B4FCBEE247C5E2B0031F485 /* CoreData */ = {
			isa = PBXGroup;
			children = (
				5B6AA481247C396C002B3227 /* myMood.xcdatamodeld */,
			);
			path = CoreData;
			sourceTree = "<group>";
		};
		5B4FCBEF247C5E310031F485 /* Views */ = {
			isa = PBXGroup;
			children = (
				5B021E29247EE0FE00DF3AC1 /* MainView */,
				5B021E2A247EE10D00DF3AC1 /* MoodList */,
				5B2EEE1C248015050040B9A0 /* Statistiken */,
				5B021E2B247EE11F00DF3AC1 /* Settings */,
			);
			path = Views;
			sourceTree = "<group>";
		};
		5B4FCBF0247C5E350031F485 /* Extensions */ = {
			isa = PBXGroup;
			children = (
				5B021E3E247EF48A00DF3AC1 /* Bundle+Icon.swift */,
				5B021E42247EF48A00DF3AC1 /* SKProduct+LocalizedPrice.swift */,
				5B021E43247EF48A00DF3AC1 /* UIView+Effects.swift */,
				5B4FCBE7247C58FB0031F485 /* UILabel+DropShadow.swift */,
				5B04F3E0247C6FD8000F374C /* Mood+Date.swift */,
				5BDABB71247D6BE800B2F2FF /* UIViewController+Modal.swift */,
				5B4079DE247EB6EE00FCC950 /* UIViewController+Alert.swift */,
				5B021E35247EEE3F00DF3AC1 /* UIViewController+SafariActions.swift */,
				5B2EEE2124802D890040B9A0 /* Date+StartEnd.swift */,
				5B9C727A24A097040077ACC6 /* UserDefaults+Groups.swift */,
			);
			path = Extensions;
			sourceTree = "<group>";
		};
		5B4FCBF1247C5E530031F485 /* Storyboards */ = {
			isa = PBXGroup;
			children = (
				5B6AA47E247C396C002B3227 /* Master.storyboard */,
				5BE722BE247EDA0A00508FF1 /* MainView.storyboard */,
				5B718CFA247EDAE800DFE7E9 /* MoodList.storyboard */,
				5B718CFC247EDC1600DFE7E9 /* Stats.storyboard */,
				5BE722BC247ED87100508FF1 /* Settings.storyboard */,
				5B6AA486247C396D002B3227 /* LaunchScreen.storyboard */,
			);
			path = Storyboards;
			sourceTree = "<group>";
		};
		5B6AA46C247C396C002B3227 = {
			isa = PBXGroup;
			children = (
				5B6AA477247C396C002B3227 /* myMood */,
				5BC8D7052494F59E00CC5602 /* Widget */,
				5B6AA476247C396C002B3227 /* Products */,
				5B4FCBEA247C5DB70031F485 /* Frameworks */,
			);
			sourceTree = "<group>";
		};
		5B6AA476247C396C002B3227 /* Products */ = {
			isa = PBXGroup;
			children = (
				5B6AA475247C396C002B3227 /* myMood.app */,
				5BC8D7022494F59E00CC5602 /* myMood Widget.appex */,
			);
			name = Products;
			sourceTree = "<group>";
		};
		5B6AA477247C396C002B3227 /* myMood */ = {
			isa = PBXGroup;
			children = (
				5B021E55247EF8F500DF3AC1 /* Alternative App Icons */,
				5B4FCBEF247C5E310031F485 /* Views */,
				5B4FCBF1247C5E530031F485 /* Storyboards */,
				5B4FCBEE247C5E2B0031F485 /* CoreData */,
				5B4FCBF0247C5E350031F485 /* Extensions */,
				5B021E4E247EF4DD00DF3AC1 /* Custom Views */,
				5B4FCBED247C5E260031F485 /* Data */,
				5BEE453E247E77E4002BE6E2 /* Delegates */,
				5BEE453F247E77FA002BE6E2 /* Cells */,
				5B6AA484247C396D002B3227 /* Assets.xcassets */,
				5B4FCBE9247C5DB40031F485 /* myMood.entitlements */,
				5B6AA489247C396D002B3227 /* Info.plist */,
				5B021E2F247EEA3600DF3AC1 /* Utilities.swift */,
			);
			path = myMood;
			sourceTree = "<group>";
		};
		5B790803247E87A300C30736 /* Mood Display View */ = {
			isa = PBXGroup;
			children = (
				5B10CFA1247D403C00014B34 /* MoodViewController.swift */,
			);
			path = "Mood Display View";
			sourceTree = "<group>";
		};
		5B953692247E846D00AFF76B /* Add View */ = {
			isa = PBXGroup;
			children = (
				5B6AA491247C46C3002B3227 /* AddEntryViewController.swift */,
				5B7907FF247E84CE00C30736 /* AddEntryViewController+TableView.swift */,
			);
			path = "Add View";
			sourceTree = "<group>";
		};
		5BC8D7052494F59E00CC5602 /* Widget */ = {
			isa = PBXGroup;
			children = (
				5B9C727924A093FB0077ACC6 /* myMood Widget.entitlements */,
				5BC8D7062494F59E00CC5602 /* TodayViewController.swift */,
				5BC8D7082494F59E00CC5602 /* MainInterface.storyboard */,
				5BC8D70B2494F59E00CC5602 /* Info.plist */,
			);
			path = Widget;
			sourceTree = "<group>";
		};
		5BEE0D8E247F02AC001C2003 /* AppIconList */ = {
			isa = PBXGroup;
			children = (
				5BEE0D8F247F02AC001C2003 /* AppIconTableViewController.swift */,
				5BEE0D90247F02AC001C2003 /* AppIcon+TableView.swift */,
			);
			path = AppIconList;
			sourceTree = "<group>";
		};
		5BEE453E247E77E4002BE6E2 /* Delegates */ = {
			isa = PBXGroup;
			children = (
				5B6AA478247C396C002B3227 /* AppDelegate.swift */,
				5B6AA47A247C396C002B3227 /* SceneDelegate.swift */,
				5BEE453C247E6A50002BE6E2 /* ModalDelegate.swift */,
			);
			path = Delegates;
			sourceTree = "<group>";
		};
		5BEE453F247E77FA002BE6E2 /* Cells */ = {
			isa = PBXGroup;
			children = (
				5BEE0D93247F034F001C2003 /* AppIconTableViewCell.swift */,
				5B021E53247EF5B700DF3AC1 /* TipTableViewCell.swift */,
				5B04F3DE247C6299000F374C /* MoodTableViewCell.swift */,
				5BEE453A247E6367002BE6E2 /* MoodSelectionTableViewCell.swift */,
			);
			path = Cells;
			sourceTree = "<group>";
		};
		5BFEECF024A0E2A2009C3459 /* myMoodUITests */ = {
			isa = PBXGroup;
			children = (
				5BFEECF124A0E2A2009C3459 /* myMoodUITests.swift */,
				5BFEECF324A0E2A2009C3459 /* Info.plist */,
				5BFEECF924A0E2B5009C3459 /* myMoodSceenshots.swift */,
			);
			path = myMoodUITests;
			sourceTree = "<group>";
		};
/* End PBXGroup section */

/* Begin PBXNativeTarget section */
		5B6AA474247C396C002B3227 /* myMood */ = {
			isa = PBXNativeTarget;
			buildConfigurationList = 5B6AA48C247C396D002B3227 /* Build configuration list for PBXNativeTarget "myMood" */;
			buildPhases = (
				5B6AA471247C396C002B3227 /* Sources */,
				5B6AA472247C396C002B3227 /* Frameworks */,
				5B6AA473247C396C002B3227 /* Resources */,
				5BC8D70F2494F59E00CC5602 /* Embed App Extensions */,
			);
			buildRules = (
			);
			dependencies = (
				5BC8D70D2494F59E00CC5602 /* PBXTargetDependency */,
			);
			name = myMood;
			productName = myMood;
			productReference = 5B6AA475247C396C002B3227 /* myMood.app */;
			productType = "com.apple.product-type.application";
		};
		5BC8D7012494F59E00CC5602 /* Widget */ = {
			isa = PBXNativeTarget;
			buildConfigurationList = 5BC8D7122494F59E00CC5602 /* Build configuration list for PBXNativeTarget "Widget" */;
			buildPhases = (
				5BC8D6FE2494F59E00CC5602 /* Sources */,
				5BC8D6FF2494F59E00CC5602 /* Frameworks */,
				5BC8D7002494F59E00CC5602 /* Resources */,
			);
			buildRules = (
			);
			dependencies = (
			);
			name = Widget;
			productName = Widget;
			productReference = 5BC8D7022494F59E00CC5602 /* myMood Widget.appex */;
			productType = "com.apple.product-type.app-extension";
		};
/* End PBXNativeTarget section */

/* Begin PBXProject section */
		5B6AA46D247C396C002B3227 /* Project object */ = {
			isa = PBXProject;
			attributes = {
				LastSwiftUpdateCheck = 1150;
				LastUpgradeCheck = 1150;
				ORGANIZATIONNAME = "Marc Hein";
				TargetAttributes = {
					5B6AA474247C396C002B3227 = {
						CreatedOnToolsVersion = 11.5;
					};
					5BC8D7012494F59E00CC5602 = {
						CreatedOnToolsVersion = 11.5;
					};
				};
			};
			buildConfigurationList = 5B6AA470247C396C002B3227 /* Build configuration list for PBXProject "myMood" */;
			compatibilityVersion = "Xcode 9.3";
			developmentRegion = de;
			hasScannedForEncodings = 0;
			knownRegions = (
				de,
				Base,
			);
			mainGroup = 5B6AA46C247C396C002B3227;
			productRefGroup = 5B6AA476247C396C002B3227 /* Products */;
			projectDirPath = "";
			projectRoot = "";
			targets = (
				5B6AA474247C396C002B3227 /* myMood */,
				5BC8D7012494F59E00CC5602 /* Widget */,
			);
		};
/* End PBXProject section */

/* Begin PBXResourcesBuildPhase section */
		5B6AA473247C396C002B3227 /* Resources */ = {
			isa = PBXResourcesBuildPhase;
			buildActionMask = 2147483647;
			files = (
				5B6AA488247C396D002B3227 /* LaunchScreen.storyboard in Resources */,
				5BE722BF247EDA0A00508FF1 /* MainView.storyboard in Resources */,
				5B6AA485247C396D002B3227 /* Assets.xcassets in Resources */,
				5B6AA480247C396C002B3227 /* Master.storyboard in Resources */,
				5B718CFD247EDC1600DFE7E9 /* Stats.storyboard in Resources */,
				5BE722BD247ED87100508FF1 /* Settings.storyboard in Resources */,
				5B718CFB247EDAE800DFE7E9 /* MoodList.storyboard in Resources */,
			);
			runOnlyForDeploymentPostprocessing = 0;
		};
		5BC8D7002494F59E00CC5602 /* Resources */ = {
			isa = PBXResourcesBuildPhase;
			buildActionMask = 2147483647;
			files = (
				5BC8D70A2494F59E00CC5602 /* MainInterface.storyboard in Resources */,
			);
			runOnlyForDeploymentPostprocessing = 0;
		};
/* End PBXResourcesBuildPhase section */

/* Begin PBXSourcesBuildPhase section */
		5B6AA471247C396C002B3227 /* Sources */ = {
			isa = PBXSourcesBuildPhase;
			buildActionMask = 2147483647;
			files = (
				5B9C727B24A097040077ACC6 /* UserDefaults+Groups.swift in Sources */,
				5B10CFA2247D403C00014B34 /* MoodViewController.swift in Sources */,
				5B953691247E83CB00AFF76B /* MainViewController+TableView.swift in Sources */,
				5B021E3C247EF42700DF3AC1 /* TipJar+Transaction.swift in Sources */,
				5B021E50247EF4F100DF3AC1 /* BorderedButton.swift in Sources */,
				5B6AA483247C396C002B3227 /* myMood.xcdatamodeld in Sources */,
				5B021E3B247EF42700DF3AC1 /* TipJarTableViewController.swift in Sources */,
				5B6AA479247C396C002B3227 /* AppDelegate.swift in Sources */,
				5BEE453B247E6367002BE6E2 /* MoodSelectionTableViewCell.swift in Sources */,
				5B021E2E247EE14200DF3AC1 /* SettingsViewController.swift in Sources */,
				5B021E32247EECEA00DF3AC1 /* SettingsViewController+SupportMail.swift in Sources */,
				5BEE0D94247F0350001C2003 /* AppIconTableViewCell.swift in Sources */,
				5B021E36247EEE3F00DF3AC1 /* UIViewController+SafariActions.swift in Sources */,
				5B04F3E1247C6FD8000F374C /* Mood+Date.swift in Sources */,
				5B4EA011247FC6E200ABA758 /* EditNotificationViewController.swift in Sources */,
				5B021E46247EF48A00DF3AC1 /* Bundle+Icon.swift in Sources */,
				5B021E3D247EF42700DF3AC1 /* TipJar+TableView.swift in Sources */,
				5BDABB72247D6BE800B2F2FF /* UIViewController+Modal.swift in Sources */,
				5BEE0D92247F02AC001C2003 /* AppIcon+TableView.swift in Sources */,
				5B790802247E869E00C30736 /* EntryViewController+TableView.swift in Sources */,
				5B8C71EA2494F7B0003A22B3 /* Model+AppOnly.swift in Sources */,
				5BEE453D247E6A50002BE6E2 /* ModalDelegate.swift in Sources */,
				5B4079DF247EB6EE00FCC950 /* UIViewController+Alert.swift in Sources */,
				5B2EEE202480291C0040B9A0 /* Stats.swift in Sources */,
				5B021E4B247EF48A00DF3AC1 /* UIView+Effects.swift in Sources */,
				5B4EA00F247FC3FF00ABA758 /* NotificationViewController.swift in Sources */,
				5B6AA492247C46C3002B3227 /* AddEntryViewController.swift in Sources */,
				5B790800247E84CE00C30736 /* AddEntryViewController+TableView.swift in Sources */,
				5B04F3DF247C6299000F374C /* MoodTableViewCell.swift in Sources */,
				5B6AA494247C5319002B3227 /* Model.swift in Sources */,
				5BEE0D91247F02AC001C2003 /* AppIconTableViewController.swift in Sources */,
				5B021E52247EF4F600DF3AC1 /* TopAlignedLabel.swift in Sources */,
				5B021E61247EF90F00DF3AC1 /* AppIcon.swift in Sources */,
				5B6AA47B247C396C002B3227 /* SceneDelegate.swift in Sources */,
				5B021E54247EF5B700DF3AC1 /* TipTableViewCell.swift in Sources */,
				5B021E34247EED4900DF3AC1 /* SettingsViewController+TableView.swift in Sources */,
				5B6AA490247C4649002B3227 /* MainViewController.swift in Sources */,
				5B2EEE1E248015230040B9A0 /* StatsViewController.swift in Sources */,
				5B021E4A247EF48A00DF3AC1 /* SKProduct+LocalizedPrice.swift in Sources */,
				5B2EEE2224802D890040B9A0 /* Date+StartEnd.swift in Sources */,
				5B4FCBE8247C58FB0031F485 /* UILabel+DropShadow.swift in Sources */,
				5B021E30247EEA3600DF3AC1 /* Utilities.swift in Sources */,
				5B4FCBF3247C5E850031F485 /* EntryViewController.swift in Sources */,
			);
			runOnlyForDeploymentPostprocessing = 0;
		};
		5BC8D6FE2494F59E00CC5602 /* Sources */ = {
			isa = PBXSourcesBuildPhase;
			buildActionMask = 2147483647;
			files = (
				5BC8D7072494F59E00CC5602 /* TodayViewController.swift in Sources */,
				5B9C727C24A097460077ACC6 /* UserDefaults+Groups.swift in Sources */,
				5B8C71E62494F72D003A22B3 /* Model.swift in Sources */,
			);
			runOnlyForDeploymentPostprocessing = 0;
		};
/* End PBXSourcesBuildPhase section */

/* Begin PBXTargetDependency section */
		5BC8D70D2494F59E00CC5602 /* PBXTargetDependency */ = {
			isa = PBXTargetDependency;
			platformFilter = ios;
			target = 5BC8D7012494F59E00CC5602 /* Widget */;
			targetProxy = 5BC8D70C2494F59E00CC5602 /* PBXContainerItemProxy */;
		};
/* End PBXTargetDependency section */

/* Begin PBXVariantGroup section */
		5B6AA47E247C396C002B3227 /* Master.storyboard */ = {
			isa = PBXVariantGroup;
			children = (
				5B6AA47F247C396C002B3227 /* Base */,
			);
			name = Master.storyboard;
			sourceTree = "<group>";
		};
		5B6AA486247C396D002B3227 /* LaunchScreen.storyboard */ = {
			isa = PBXVariantGroup;
			children = (
				5B6AA487247C396D002B3227 /* Base */,
			);
			name = LaunchScreen.storyboard;
			sourceTree = "<group>";
		};
		5BC8D7082494F59E00CC5602 /* MainInterface.storyboard */ = {
			isa = PBXVariantGroup;
			children = (
				5BC8D7092494F59E00CC5602 /* Base */,
			);
			name = MainInterface.storyboard;
			sourceTree = "<group>";
		};
/* End PBXVariantGroup section */

/* Begin XCBuildConfiguration section */
		5B6AA48A247C396D002B3227 /* Debug */ = {
			isa = XCBuildConfiguration;
			buildSettings = {
				ALWAYS_SEARCH_USER_PATHS = NO;
				CLANG_ANALYZER_NONNULL = YES;
				CLANG_ANALYZER_NUMBER_OBJECT_CONVERSION = YES_AGGRESSIVE;
				CLANG_CXX_LANGUAGE_STANDARD = "gnu++14";
				CLANG_CXX_LIBRARY = "libc++";
				CLANG_ENABLE_MODULES = YES;
				CLANG_ENABLE_OBJC_ARC = YES;
				CLANG_ENABLE_OBJC_WEAK = YES;
				CLANG_WARN_BLOCK_CAPTURE_AUTORELEASING = YES;
				CLANG_WARN_BOOL_CONVERSION = YES;
				CLANG_WARN_COMMA = YES;
				CLANG_WARN_CONSTANT_CONVERSION = YES;
				CLANG_WARN_DEPRECATED_OBJC_IMPLEMENTATIONS = YES;
				CLANG_WARN_DIRECT_OBJC_ISA_USAGE = YES_ERROR;
				CLANG_WARN_DOCUMENTATION_COMMENTS = YES;
				CLANG_WARN_EMPTY_BODY = YES;
				CLANG_WARN_ENUM_CONVERSION = YES;
				CLANG_WARN_INFINITE_RECURSION = YES;
				CLANG_WARN_INT_CONVERSION = YES;
				CLANG_WARN_NON_LITERAL_NULL_CONVERSION = YES;
				CLANG_WARN_OBJC_IMPLICIT_RETAIN_SELF = YES;
				CLANG_WARN_OBJC_LITERAL_CONVERSION = YES;
				CLANG_WARN_OBJC_ROOT_CLASS = YES_ERROR;
				CLANG_WARN_RANGE_LOOP_ANALYSIS = YES;
				CLANG_WARN_STRICT_PROTOTYPES = YES;
				CLANG_WARN_SUSPICIOUS_MOVE = YES;
				CLANG_WARN_UNGUARDED_AVAILABILITY = YES_AGGRESSIVE;
				CLANG_WARN_UNREACHABLE_CODE = YES;
				CLANG_WARN__DUPLICATE_METHOD_MATCH = YES;
				COPY_PHASE_STRIP = NO;
				DEBUG_INFORMATION_FORMAT = dwarf;
				ENABLE_STRICT_OBJC_MSGSEND = YES;
				ENABLE_TESTABILITY = YES;
				GCC_C_LANGUAGE_STANDARD = gnu11;
				GCC_DYNAMIC_NO_PIC = NO;
				GCC_NO_COMMON_BLOCKS = YES;
				GCC_OPTIMIZATION_LEVEL = 0;
				GCC_PREPROCESSOR_DEFINITIONS = (
					"DEBUG=1",
					"$(inherited)",
				);
				GCC_WARN_64_TO_32_BIT_CONVERSION = YES;
				GCC_WARN_ABOUT_RETURN_TYPE = YES_ERROR;
				GCC_WARN_UNDECLARED_SELECTOR = YES;
				GCC_WARN_UNINITIALIZED_AUTOS = YES_AGGRESSIVE;
				GCC_WARN_UNUSED_FUNCTION = YES;
				GCC_WARN_UNUSED_VARIABLE = YES;
				IPHONEOS_DEPLOYMENT_TARGET = 13.5;
				MTL_ENABLE_DEBUG_INFO = INCLUDE_SOURCE;
				MTL_FAST_MATH = YES;
				ONLY_ACTIVE_ARCH = YES;
				SDKROOT = iphoneos;
				SWIFT_ACTIVE_COMPILATION_CONDITIONS = DEBUG;
				SWIFT_OPTIMIZATION_LEVEL = "-Onone";
			};
			name = Debug;
		};
		5B6AA48B247C396D002B3227 /* Release */ = {
			isa = XCBuildConfiguration;
			buildSettings = {
				ALWAYS_SEARCH_USER_PATHS = NO;
				CLANG_ANALYZER_NONNULL = YES;
				CLANG_ANALYZER_NUMBER_OBJECT_CONVERSION = YES_AGGRESSIVE;
				CLANG_CXX_LANGUAGE_STANDARD = "gnu++14";
				CLANG_CXX_LIBRARY = "libc++";
				CLANG_ENABLE_MODULES = YES;
				CLANG_ENABLE_OBJC_ARC = YES;
				CLANG_ENABLE_OBJC_WEAK = YES;
				CLANG_WARN_BLOCK_CAPTURE_AUTORELEASING = YES;
				CLANG_WARN_BOOL_CONVERSION = YES;
				CLANG_WARN_COMMA = YES;
				CLANG_WARN_CONSTANT_CONVERSION = YES;
				CLANG_WARN_DEPRECATED_OBJC_IMPLEMENTATIONS = YES;
				CLANG_WARN_DIRECT_OBJC_ISA_USAGE = YES_ERROR;
				CLANG_WARN_DOCUMENTATION_COMMENTS = YES;
				CLANG_WARN_EMPTY_BODY = YES;
				CLANG_WARN_ENUM_CONVERSION = YES;
				CLANG_WARN_INFINITE_RECURSION = YES;
				CLANG_WARN_INT_CONVERSION = YES;
				CLANG_WARN_NON_LITERAL_NULL_CONVERSION = YES;
				CLANG_WARN_OBJC_IMPLICIT_RETAIN_SELF = YES;
				CLANG_WARN_OBJC_LITERAL_CONVERSION = YES;
				CLANG_WARN_OBJC_ROOT_CLASS = YES_ERROR;
				CLANG_WARN_RANGE_LOOP_ANALYSIS = YES;
				CLANG_WARN_STRICT_PROTOTYPES = YES;
				CLANG_WARN_SUSPICIOUS_MOVE = YES;
				CLANG_WARN_UNGUARDED_AVAILABILITY = YES_AGGRESSIVE;
				CLANG_WARN_UNREACHABLE_CODE = YES;
				CLANG_WARN__DUPLICATE_METHOD_MATCH = YES;
				COPY_PHASE_STRIP = NO;
				DEBUG_INFORMATION_FORMAT = "dwarf-with-dsym";
				ENABLE_NS_ASSERTIONS = NO;
				ENABLE_STRICT_OBJC_MSGSEND = YES;
				GCC_C_LANGUAGE_STANDARD = gnu11;
				GCC_NO_COMMON_BLOCKS = YES;
				GCC_WARN_64_TO_32_BIT_CONVERSION = YES;
				GCC_WARN_ABOUT_RETURN_TYPE = YES_ERROR;
				GCC_WARN_UNDECLARED_SELECTOR = YES;
				GCC_WARN_UNINITIALIZED_AUTOS = YES_AGGRESSIVE;
				GCC_WARN_UNUSED_FUNCTION = YES;
				GCC_WARN_UNUSED_VARIABLE = YES;
				IPHONEOS_DEPLOYMENT_TARGET = 13.5;
				MTL_ENABLE_DEBUG_INFO = NO;
				MTL_FAST_MATH = YES;
				SDKROOT = iphoneos;
				SWIFT_COMPILATION_MODE = wholemodule;
				SWIFT_OPTIMIZATION_LEVEL = "-O";
				VALIDATE_PRODUCT = YES;
			};
			name = Release;
		};
		5B6AA48D247C396D002B3227 /* Debug */ = {
			isa = XCBuildConfiguration;
			buildSettings = {
				ALWAYS_EMBED_SWIFT_STANDARD_LIBRARIES = YES;
				ASSETCATALOG_COMPILER_APPICON_NAME = AppIcon;
				CODE_SIGN_ENTITLEMENTS = myMood/myMood.entitlements;
				CODE_SIGN_STYLE = Automatic;
				CURRENT_PROJECT_VERSION = 7;
				DEVELOPMENT_TEAM = UJR28ZV94C;
				INFOPLIST_FILE = myMood/Info.plist;
				IPHONEOS_DEPLOYMENT_TARGET = 13.0;
				LD_RUNPATH_SEARCH_PATHS = (
					"$(inherited)",
					"@executable_path/Frameworks",
				);
				MARKETING_VERSION = 0.1;
				PRODUCT_BUNDLE_IDENTIFIER = "de.marc-hein.myMood";
				PRODUCT_NAME = "$(TARGET_NAME)";
				SUPPORTS_MACCATALYST = NO;
				SWIFT_VERSION = 5.0;
				TARGETED_DEVICE_FAMILY = "1,2";
			};
			name = Debug;
		};
		5B6AA48E247C396D002B3227 /* Release */ = {
			isa = XCBuildConfiguration;
			buildSettings = {
				ALWAYS_EMBED_SWIFT_STANDARD_LIBRARIES = YES;
				ASSETCATALOG_COMPILER_APPICON_NAME = AppIcon;
				CODE_SIGN_ENTITLEMENTS = myMood/myMood.entitlements;
				CODE_SIGN_STYLE = Automatic;
				CURRENT_PROJECT_VERSION = 7;
				DEVELOPMENT_TEAM = UJR28ZV94C;
				INFOPLIST_FILE = myMood/Info.plist;
				IPHONEOS_DEPLOYMENT_TARGET = 13.0;
				LD_RUNPATH_SEARCH_PATHS = (
					"$(inherited)",
					"@executable_path/Frameworks",
				);
				MARKETING_VERSION = 0.1;
				PRODUCT_BUNDLE_IDENTIFIER = "de.marc-hein.myMood";
				PRODUCT_NAME = "$(TARGET_NAME)";
				SUPPORTS_MACCATALYST = NO;
				SWIFT_VERSION = 5.0;
				TARGETED_DEVICE_FAMILY = "1,2";
			};
			name = Release;
		};
		5BC8D7102494F59E00CC5602 /* Debug */ = {
			isa = XCBuildConfiguration;
			buildSettings = {
				CODE_SIGN_ENTITLEMENTS = "Widget/myMood Widget.entitlements";
				CODE_SIGN_IDENTITY = "Apple Development";
				CODE_SIGN_STYLE = Automatic;
				DEVELOPMENT_TEAM = UJR28ZV94C;
				INFOPLIST_FILE = Widget/Info.plist;
				LD_RUNPATH_SEARCH_PATHS = (
					"$(inherited)",
					"@executable_path/Frameworks",
					"@executable_path/../../Frameworks",
				);
				PRODUCT_BUNDLE_IDENTIFIER = "de.marc-hein.myMood.Widget";
				PRODUCT_NAME = "myMood Widget";
				PROVISIONING_PROFILE_SPECIFIER = "";
				SKIP_INSTALL = YES;
				SUPPORTS_MACCATALYST = NO;
				SWIFT_VERSION = 5.0;
				TARGETED_DEVICE_FAMILY = "1,2";
			};
			name = Debug;
		};
		5BC8D7112494F59E00CC5602 /* Release */ = {
			isa = XCBuildConfiguration;
			buildSettings = {
				CODE_SIGN_ENTITLEMENTS = "Widget/myMood Widget.entitlements";
				CODE_SIGN_IDENTITY = "Apple Development";
				CODE_SIGN_STYLE = Automatic;
				DEVELOPMENT_TEAM = UJR28ZV94C;
				INFOPLIST_FILE = Widget/Info.plist;
				LD_RUNPATH_SEARCH_PATHS = (
					"$(inherited)",
					"@executable_path/Frameworks",
					"@executable_path/../../Frameworks",
				);
				PRODUCT_BUNDLE_IDENTIFIER = "de.marc-hein.myMood.Widget";
				PRODUCT_NAME = "myMood Widget";
				PROVISIONING_PROFILE_SPECIFIER = "";
				SKIP_INSTALL = YES;
				SUPPORTS_MACCATALYST = NO;
				SWIFT_VERSION = 5.0;
				TARGETED_DEVICE_FAMILY = "1,2";
			};
			name = Release;
		};
/* End XCBuildConfiguration section */

/* Begin XCConfigurationList section */
		5B6AA470247C396C002B3227 /* Build configuration list for PBXProject "myMood" */ = {
			isa = XCConfigurationList;
			buildConfigurations = (
				5B6AA48A247C396D002B3227 /* Debug */,
				5B6AA48B247C396D002B3227 /* Release */,
			);
			defaultConfigurationIsVisible = 0;
			defaultConfigurationName = Release;
		};
		5B6AA48C247C396D002B3227 /* Build configuration list for PBXNativeTarget "myMood" */ = {
			isa = XCConfigurationList;
			buildConfigurations = (
				5B6AA48D247C396D002B3227 /* Debug */,
				5B6AA48E247C396D002B3227 /* Release */,
			);
			defaultConfigurationIsVisible = 0;
			defaultConfigurationName = Release;
		};
		5BC8D7122494F59E00CC5602 /* Build configuration list for PBXNativeTarget "Widget" */ = {
			isa = XCConfigurationList;
			buildConfigurations = (
				5BC8D7102494F59E00CC5602 /* Debug */,
				5BC8D7112494F59E00CC5602 /* Release */,
			);
			defaultConfigurationIsVisible = 0;
			defaultConfigurationName = Release;
		};
/* End XCConfigurationList section */

/* Begin XCVersionGroup section */
		5B6AA481247C396C002B3227 /* myMood.xcdatamodeld */ = {
			isa = XCVersionGroup;
			children = (
				5B6AA482247C396C002B3227 /* myMood.xcdatamodel */,
			);
			currentVersion = 5B6AA482247C396C002B3227 /* myMood.xcdatamodel */;
			path = myMood.xcdatamodeld;
			sourceTree = "<group>";
			versionGroupType = wrapper.xcdatamodel;
		};
/* End XCVersionGroup section */
	};
	rootObject = 5B6AA46D247C396C002B3227 /* Project object */;
}
